
Microsoft Visual Studio Solution File, Format Version 12.00
# Visual Studio 15
Project("{FAE04EC0-301F-11D3-BF4B-00C04F79EFBC}") = "Assembly-CSharp", "Assembly-CSharp.csproj", "{7EA78473-089D-273A-92C1-7C2A8DF42C49}"
EndProject
Project("{FAE04EC0-301F-11D3-BF4B-00C04F79EFBC}") = "Assembly-CSharp-Editor", "Assembly-CSharp-Editor.csproj", "{CDD07D8D-DE7E-57B6-CCE2-D3467CEE1CFD}"
EndProject
Global
	GlobalSection(SolutionConfigurationPlatforms) = preSolution
		Debug|Any CPU = Debug|Any CPU
		Release|Any CPU = Release|Any CPU
	EndGlobalSection
	GlobalSection(ProjectConfigurationPlatforms) = postSolution
		{7EA78473-089D-273A-92C1-7C2A8DF42C49}.Debug|Any CPU.ActiveCfg = Debug|Any CPU
		{7EA78473-089D-273A-92C1-7C2A8DF42C49}.Debug|Any CPU.Build.0 = Debug|Any CPU
		{7EA78473-089D-273A-92C1-7C2A8DF42C49}.Release|Any CPU.ActiveCfg = Release|Any CPU
		{7EA78473-089D-273A-92C1-7C2A8DF42C49}.Release|Any CPU.Build.0 = Release|Any CPU
		{CDD07D8D-DE7E-57B6-CCE2-D3467CEE1CFD}.Debug|Any CPU.ActiveCfg = Debug|Any CPU
		{CDD07D8D-DE7E-57B6-CCE2-D3467CEE1CFD}.Debug|Any CPU.Build.0 = Debug|Any CPU
		{CDD07D8D-DE7E-57B6-CCE2-D3467CEE1CFD}.Release|Any CPU.ActiveCfg = Release|Any CPU
		{CDD07D8D-DE7E-57B6-CCE2-D3467CEE1CFD}.Release|Any CPU.Build.0 = Release|Any CPU
	EndGlobalSection
	GlobalSection(SolutionProperties) = preSolution
		HideSolutionNode = FALSE
	EndGlobalSection
EndGlobal
